
Microsoft Visual Studio Solution File, Format Version 12.00
# Visual Studio Version 16
VisualStudioVersion = 16.0.30002.166
MinimumVisualStudioVersion = 10.0.40219.1
Project("{8BC9CEB8-8B4A-11D0-8D11-00A0C91BC942}") = "Unittests", "Unittests.vcxproj", "{56E0A17F-6CDD-4820-88C2-81A51CBD7E68}"
EndProject
Global
	GlobalSection(SolutionConfigurationPlatforms) = preSolution
		Debug|x64 = Debug|x64
		Debug|x86 = Debug|x86
		Release|x64 = Release|x64
		Release|x86 = Release|x86
	EndGlobalSection
	GlobalSection(ProjectConfigurationPlatforms) = postSolution
		{56E0A17F-6CDD-4820-88C2-81A51CBD7E68}.Debug|x64.ActiveCfg = Debug|x64
		{56E0A17F-6CDD-4820-88C2-81A51CBD7E68}.Debug|x64.Build.0 = Debug|x64
		{56E0A17F-6CDD-4820-88C2-81A51CBD7E68}.Debug|x86.ActiveCfg = Debug|Win32
		{56E0A17F-6CDD-4820-88C2-81A51CBD7E68}.Debug|x86.Build.0 = Debug|Win32
		{56E0A17F-6CDD-4820-88C2-81A51CBD7E68}.Release|x64.ActiveCfg = Release|x64
		{56E0A17F-6CDD-4820-88C2-81A51CBD7E68}.Release|x64.Build.0 = Release|x64
		{56E0A17F-6CDD-4820-88C2-81A51CBD7E68}.Release|x86.ActiveCfg = Release|Win32
		{56E0A17F-6CDD-4820-88C2-81A51CBD7E68}.Release|x86.Build.0 = Release|Win32
	EndGlobalSection
	GlobalSection(SolutionProperties) = preSolution
		HideSolutionNode = FALSE
	EndGlobalSection
	GlobalSection(ExtensibilityGlobals) = postSolution
		SolutionGuid = {2ABCE0A5-7CBB-4716-99F9-C0673DAB5A5D}
	EndGlobalSection
EndGlobal
